
Microsoft Visual Studio Solution File, Format Version 12.00
# Visual Studio Version 17
VisualStudioVersion = 17.13.35828.75
MinimumVisualStudioVersion = 10.0.40219.1
Project("{FAE04EC0-301F-11D3-BF4B-00C04F79EFBC}") = "Wpf_OnlineRestaurantSystem", "Wpf_OnlineRestaurantSystem\Wpf_OnlineRestaurantSystem.csproj", "{B9F1221D-D1BD-42B0-AF30-70457B0E050B}"
EndProject
Global
	GlobalSection(SolutionConfigurationPlatforms) = preSolution
		Debug|Any CPU = Debug|Any CPU
		Release|Any CPU = Release|Any CPU
	EndGlobalSection
	GlobalSection(ProjectConfigurationPlatforms) = postSolution
		{B9F1221D-D1BD-42B0-AF30-70457B0E050B}.Debug|Any CPU.ActiveCfg = Debug|Any CPU
		{B9F1221D-D1BD-42B0-AF30-70457B0E050B}.Debug|Any CPU.Build.0 = Debug|Any CPU
		{B9F1221D-D1BD-42B0-AF30-70457B0E050B}.Release|Any CPU.ActiveCfg = Release|Any CPU
		{B9F1221D-D1BD-42B0-AF30-70457B0E050B}.Release|Any CPU.Build.0 = Release|Any CPU
	EndGlobalSection
	GlobalSection(SolutionProperties) = preSolution
		HideSolutionNode = FALSE
	EndGlobalSection
	GlobalSection(ExtensibilityGlobals) = postSolution
		SolutionGuid = {547D664B-A705-44B5-96F7-ACC528102DF9}
	EndGlobalSection
EndGlobal
